
Microsoft Visual Studio Solution File, Format Version 12.00
# Visual Studio Version 16
VisualStudioVersion = 16.0.29926.136
MinimumVisualStudioVersion = 10.0.40219.1
Project("{FAE04EC0-301F-11D3-BF4B-00C04F79EFBC}") = "Test Task", "Test Task\Test Task.csproj", "{A721BECE-C80A-4E1F-A790-B6D74EA41BAA}"
EndProject
Global
	GlobalSection(SolutionConfigurationPlatforms) = preSolution
		Debug|Any CPU = Debug|Any CPU
		Release|Any CPU = Release|Any CPU
	EndGlobalSection
	GlobalSection(ProjectConfigurationPlatforms) = postSolution
		{A721BECE-C80A-4E1F-A790-B6D74EA41BAA}.Debug|Any CPU.ActiveCfg = Debug|Any CPU
		{A721BECE-C80A-4E1F-A790-B6D74EA41BAA}.Debug|Any CPU.Build.0 = Debug|Any CPU
		{A721BECE-C80A-4E1F-A790-B6D74EA41BAA}.Release|Any CPU.ActiveCfg = Release|Any CPU
		{A721BECE-C80A-4E1F-A790-B6D74EA41BAA}.Release|Any CPU.Build.0 = Release|Any CPU
	EndGlobalSection
	GlobalSection(SolutionProperties) = preSolution
		HideSolutionNode = FALSE
	EndGlobalSection
	GlobalSection(ExtensibilityGlobals) = postSolution
		SolutionGuid = {5BB8D597-9382-4BB5-B954-F24D11096599}
	EndGlobalSection
EndGlobal
